
Microsoft Visual Studio Solution File, Format Version 12.00
# Visual Studio Version 17
VisualStudioVersion = 17.3.32825.248
MinimumVisualStudioVersion = 10.0.40219.1
Project("{FAE04EC0-301F-11D3-BF4B-00C04F79EFBC}") = "Lab6_OOP", "Lab6_OOP\Lab6_OOP.csproj", "{9EA40A87-AF62-4DC2-8887-4834FE41B942}"
EndProject
Global
	GlobalSection(SolutionConfigurationPlatforms) = preSolution
		Debug|Any CPU = Debug|Any CPU
		Release|Any CPU = Release|Any CPU
	EndGlobalSection
	GlobalSection(ProjectConfigurationPlatforms) = postSolution
		{9EA40A87-AF62-4DC2-8887-4834FE41B942}.Debug|Any CPU.ActiveCfg = Debug|Any CPU
		{9EA40A87-AF62-4DC2-8887-4834FE41B942}.Debug|Any CPU.Build.0 = Debug|Any CPU
		{9EA40A87-AF62-4DC2-8887-4834FE41B942}.Release|Any CPU.ActiveCfg = Release|Any CPU
		{9EA40A87-AF62-4DC2-8887-4834FE41B942}.Release|Any CPU.Build.0 = Release|Any CPU
	EndGlobalSection
	GlobalSection(SolutionProperties) = preSolution
		HideSolutionNode = FALSE
	EndGlobalSection
	GlobalSection(ExtensibilityGlobals) = postSolution
		SolutionGuid = {03598888-D11B-44B6-AE65-9801221AE7CD}
	EndGlobalSection
EndGlobal
